// !$*UTF8*$!
{
	archiveVersion = 1;
	classes = {
	};
	objectVersion = 50;
	objects = {

/* Begin PBXBuildFile section */
		7A15A85725E2179D00EC33D4 /* MapView.swift in Sources */ = {isa = PBXBuildFile; fileRef = 7A15A85625E2179D00EC33D4 /* MapView.swift */; };
		7A9D50BC25E2B81F00F5F0F9 /* StationRow.swift in Sources */ = {isa = PBXBuildFile; fileRef = 7A9D50BB25E2B81F00F5F0F9 /* StationRow.swift */; };
		8E57DC0625E1A9E70062D83F /* WidgetKit.framework in Frameworks */ = {isa = PBXBuildFile; fileRef = 8E57DC0525E1A9E70062D83F /* WidgetKit.framework */; };
		8E57DC0825E1A9E70062D83F /* SwiftUI.framework in Frameworks */ = {isa = PBXBuildFile; fileRef = 8E57DC0725E1A9E70062D83F /* SwiftUI.framework */; };
		8E57DC1125E1A9EA0062D83F /* BikeshareWidgetExtension.appex in Embed App Extensions */ = {isa = PBXBuildFile; fileRef = 8E57DC0325E1A9E70062D83F /* BikeshareWidgetExtension.appex */; settings = {ATTRIBUTES = (RemoveHeadersOnCopy, ); }; };
		8E9366402737373D001EA47C /* Station.swift in Sources */ = {isa = PBXBuildFile; fileRef = 8E57DC2625E1C3790062D83F /* Station.swift */; };
		8E93664127373752001EA47C /* StationsStore.swift in Sources */ = {isa = PBXBuildFile; fileRef = F7D0C20625E19AA200F15128 /* StationsStore.swift */; };
		8E93664227373760001EA47C /* APIService.swift in Sources */ = {isa = PBXBuildFile; fileRef = F7D0C1FC25E1857700F15128 /* APIService.swift */; };
		8E93664427373BA3001EA47C /* BikeshareWidget.swift in Sources */ = {isa = PBXBuildFile; fileRef = 8E57DC0A25E1A9E70062D83F /* BikeshareWidget.swift */; };
		8E93664727374323001EA47C /* LocationsViewModel.swift in Sources */ = {isa = PBXBuildFile; fileRef = 8E93664627374323001EA47C /* LocationsViewModel.swift */; };
		8E93664A273759E0001EA47C /* StationsViewModel.swift in Sources */ = {isa = PBXBuildFile; fileRef = 8E936649273759E0001EA47C /* StationsViewModel.swift */; };
		8E93664D27376486001EA47C /* MKCoordinateRegion.swift in Sources */ = {isa = PBXBuildFile; fileRef = 8E93664C27376486001EA47C /* MKCoordinateRegion.swift */; };
		8EC6735025E07FDB003533BE /* bikeshare_widgetApp.swift in Sources */ = {isa = PBXBuildFile; fileRef = 8EC6734F25E07FDB003533BE /* bikeshare_widgetApp.swift */; };
		8EC6735225E07FDB003533BE /* AppView.swift in Sources */ = {isa = PBXBuildFile; fileRef = 8EC6735125E07FDB003533BE /* AppView.swift */; };
		8EC6735425E07FDF003533BE /* Assets.xcassets in Resources */ = {isa = PBXBuildFile; fileRef = 8EC6735325E07FDF003533BE /* Assets.xcassets */; };
		8EC6735725E07FDF003533BE /* Preview Assets.xcassets in Resources */ = {isa = PBXBuildFile; fileRef = 8EC6735625E07FDF003533BE /* Preview Assets.xcassets */; };
		8EC6736225E07FE0003533BE /* bikeshare_widgetTests.swift in Sources */ = {isa = PBXBuildFile; fileRef = 8EC6736125E07FE0003533BE /* bikeshare_widgetTests.swift */; };
		8EC6736D25E07FE0003533BE /* bikeshare_widgetUITests.swift in Sources */ = {isa = PBXBuildFile; fileRef = 8EC6736C25E07FE0003533BE /* bikeshare_widgetUITests.swift */; };
/* End PBXBuildFile section */

/* Begin PBXContainerItemProxy section */
		8E57DC0F25E1A9EA0062D83F /* PBXContainerItemProxy */ = {
			isa = PBXContainerItemProxy;
			containerPortal = 8EC6734425E07FDB003533BE /* Project object */;
			proxyType = 1;
			remoteGlobalIDString = 8E57DC0225E1A9E70062D83F;
			remoteInfo = BikeshareWidgetExtension;
		};
		8EC6735E25E07FE0003533BE /* PBXContainerItemProxy */ = {
			isa = PBXContainerItemProxy;
			containerPortal = 8EC6734425E07FDB003533BE /* Project object */;
			proxyType = 1;
			remoteGlobalIDString = 8EC6734B25E07FDB003533BE;
			remoteInfo = "bikeshare-widget";
		};
		8EC6736925E07FE0003533BE /* PBXContainerItemProxy */ = {
			isa = PBXContainerItemProxy;
			containerPortal = 8EC6734425E07FDB003533BE /* Project object */;
			proxyType = 1;
			remoteGlobalIDString = 8EC6734B25E07FDB003533BE;
			remoteInfo = "bikeshare-widget";
		};
/* End PBXContainerItemProxy section */

/* Begin PBXCopyFilesBuildPhase section */
		8E57DC1225E1A9EA0062D83F /* Embed App Extensions */ = {
			isa = PBXCopyFilesBuildPhase;
			buildActionMask = 2147483647;
			dstPath = "";
			dstSubfolderSpec = 13;
			files = (
				8E57DC1125E1A9EA0062D83F /* BikeshareWidgetExtension.appex in Embed App Extensions */,
			);
			name = "Embed App Extensions";
			runOnlyForDeploymentPostprocessing = 0;
		};
/* End PBXCopyFilesBuildPhase section */

/* Begin PBXFileReference section */
		7A15A85625E2179D00EC33D4 /* MapView.swift */ = {isa = PBXFileReference; lastKnownFileType = sourcecode.swift; path = MapView.swift; sourceTree = "<group>"; };
		7A9D50BB25E2B81F00F5F0F9 /* StationRow.swift */ = {isa = PBXFileReference; lastKnownFileType = sourcecode.swift; path = StationRow.swift; sourceTree = "<group>"; };
		8E14D20125E1E9C2008B5BB3 /* WidgetLocationManager.swift */ = {isa = PBXFileReference; lastKnownFileType = sourcecode.swift; path = WidgetLocationManager.swift; sourceTree = "<group>"; };
		8E57DC0325E1A9E70062D83F /* BikeshareWidgetExtension.appex */ = {isa = PBXFileReference; explicitFileType = "wrapper.app-extension"; includeInIndex = 0; path = BikeshareWidgetExtension.appex; sourceTree = BUILT_PRODUCTS_DIR; };
		8E57DC0525E1A9E70062D83F /* WidgetKit.framework */ = {isa = PBXFileReference; lastKnownFileType = wrapper.framework; name = WidgetKit.framework; path = System/Library/Frameworks/WidgetKit.framework; sourceTree = SDKROOT; };
		8E57DC0725E1A9E70062D83F /* SwiftUI.framework */ = {isa = PBXFileReference; lastKnownFileType = wrapper.framework; name = SwiftUI.framework; path = System/Library/Frameworks/SwiftUI.framework; sourceTree = SDKROOT; };
		8E57DC0A25E1A9E70062D83F /* BikeshareWidget.swift */ = {isa = PBXFileReference; lastKnownFileType = sourcecode.swift; path = BikeshareWidget.swift; sourceTree = "<group>"; };
		8E57DC0E25E1A9EA0062D83F /* Info.plist */ = {isa = PBXFileReference; lastKnownFileType = text.plist.xml; path = Info.plist; sourceTree = "<group>"; };
		8E57DC2025E1C3270062D83F /* NearbyBikesView.swift */ = {isa = PBXFileReference; lastKnownFileType = sourcecode.swift; path = NearbyBikesView.swift; sourceTree = "<group>"; };
		8E57DC2625E1C3790062D83F /* Station.swift */ = {isa = PBXFileReference; lastKnownFileType = sourcecode.swift; path = Station.swift; sourceTree = "<group>"; };
		8E57DC2C25E1C3C70062D83F /* MapWidgetEntryView.swift */ = {isa = PBXFileReference; lastKnownFileType = sourcecode.swift; path = MapWidgetEntryView.swift; sourceTree = "<group>"; };
		8E57DC5A25E1C44F0062D83F /* MapView.swift */ = {isa = PBXFileReference; fileEncoding = 4; lastKnownFileType = sourcecode.swift; path = MapView.swift; sourceTree = "<group>"; };
		8E93663C2736F28A001EA47C /* bikeshare-widget.entitlements */ = {isa = PBXFileReference; lastKnownFileType = text.plist.entitlements; path = "bikeshare-widget.entitlements"; sourceTree = "<group>"; };
		8E93663D2736F32D001EA47C /* BikeshareWidgetExtension.entitlements */ = {isa = PBXFileReference; lastKnownFileType = text.plist.entitlements; path = BikeshareWidgetExtension.entitlements; sourceTree = "<group>"; };
		8E93663E2736F539001EA47C /* BikeshareWidgetExtension.entitlements */ = {isa = PBXFileReference; lastKnownFileType = text.plist.entitlements; path = BikeshareWidgetExtension.entitlements; sourceTree = "<group>"; };
		8E93664627374323001EA47C /* LocationsViewModel.swift */ = {isa = PBXFileReference; lastKnownFileType = sourcecode.swift; name = LocationsViewModel.swift; path = "bikeshare-widget/Views/View Models/LocationsViewModel.swift"; sourceTree = SOURCE_ROOT; };
		8E936649273759E0001EA47C /* StationsViewModel.swift */ = {isa = PBXFileReference; lastKnownFileType = sourcecode.swift; path = StationsViewModel.swift; sourceTree = "<group>"; };
		8E93664C27376486001EA47C /* MKCoordinateRegion.swift */ = {isa = PBXFileReference; lastKnownFileType = sourcecode.swift; path = MKCoordinateRegion.swift; sourceTree = "<group>"; };
		8EC6734C25E07FDB003533BE /* bikeshare-widget.app */ = {isa = PBXFileReference; explicitFileType = wrapper.application; includeInIndex = 0; path = "bikeshare-widget.app"; sourceTree = BUILT_PRODUCTS_DIR; };
		8EC6734F25E07FDB003533BE /* bikeshare_widgetApp.swift */ = {isa = PBXFileReference; lastKnownFileType = sourcecode.swift; path = bikeshare_widgetApp.swift; sourceTree = "<group>"; };
		8EC6735125E07FDB003533BE /* AppView.swift */ = {isa = PBXFileReference; lastKnownFileType = sourcecode.swift; path = AppView.swift; sourceTree = "<group>"; };
		8EC6735325E07FDF003533BE /* Assets.xcassets */ = {isa = PBXFileReference; lastKnownFileType = folder.assetcatalog; path = Assets.xcassets; sourceTree = "<group>"; };
		8EC6735625E07FDF003533BE /* Preview Assets.xcassets */ = {isa = PBXFileReference; lastKnownFileType = folder.assetcatalog; path = "Preview Assets.xcassets"; sourceTree = "<group>"; };
		8EC6735825E07FDF003533BE /* Info.plist */ = {isa = PBXFileReference; lastKnownFileType = text.plist.xml; path = Info.plist; sourceTree = "<group>"; };
		8EC6735D25E07FE0003533BE /* bikeshare-widgetTests.xctest */ = {isa = PBXFileReference; explicitFileType = wrapper.cfbundle; includeInIndex = 0; path = "bikeshare-widgetTests.xctest"; sourceTree = BUILT_PRODUCTS_DIR; };
		8EC6736125E07FE0003533BE /* bikeshare_widgetTests.swift */ = {isa = PBXFileReference; lastKnownFileType = sourcecode.swift; path = bikeshare_widgetTests.swift; sourceTree = "<group>"; };
		8EC6736325E07FE0003533BE /* Info.plist */ = {isa = PBXFileReference; lastKnownFileType = text.plist.xml; path = Info.plist; sourceTree = "<group>"; };
		8EC6736825E07FE0003533BE /* bikeshare-widgetUITests.xctest */ = {isa = PBXFileReference; explicitFileType = wrapper.cfbundle; includeInIndex = 0; path = "bikeshare-widgetUITests.xctest"; sourceTree = BUILT_PRODUCTS_DIR; };
		8EC6736C25E07FE0003533BE /* bikeshare_widgetUITests.swift */ = {isa = PBXFileReference; lastKnownFileType = sourcecode.swift; path = bikeshare_widgetUITests.swift; sourceTree = "<group>"; };
		8EC6736E25E07FE0003533BE /* Info.plist */ = {isa = PBXFileReference; lastKnownFileType = text.plist.xml; path = Info.plist; sourceTree = "<group>"; };
		F7D0C1FC25E1857700F15128 /* APIService.swift */ = {isa = PBXFileReference; lastKnownFileType = sourcecode.swift; path = APIService.swift; sourceTree = "<group>"; };
		F7D0C20625E19AA200F15128 /* StationsStore.swift */ = {isa = PBXFileReference; lastKnownFileType = sourcecode.swift; path = StationsStore.swift; sourceTree = "<group>"; };
/* End PBXFileReference section */

/* Begin PBXFrameworksBuildPhase section */
		8E57DC0025E1A9E70062D83F /* Frameworks */ = {
			isa = PBXFrameworksBuildPhase;
			buildActionMask = 2147483647;
			files = (
				8E57DC0825E1A9E70062D83F /* SwiftUI.framework in Frameworks */,
				8E57DC0625E1A9E70062D83F /* WidgetKit.framework in Frameworks */,
			);
			runOnlyForDeploymentPostprocessing = 0;
		};
		8EC6734925E07FDB003533BE /* Frameworks */ = {
			isa = PBXFrameworksBuildPhase;
			buildActionMask = 2147483647;
			files = (
			);
			runOnlyForDeploymentPostprocessing = 0;
		};
		8EC6735A25E07FE0003533BE /* Frameworks */ = {
			isa = PBXFrameworksBuildPhase;
			buildActionMask = 2147483647;
			files = (
			);
			runOnlyForDeploymentPostprocessing = 0;
		};
		8EC6736525E07FE0003533BE /* Frameworks */ = {
			isa = PBXFrameworksBuildPhase;
			buildActionMask = 2147483647;
			files = (
			);
			runOnlyForDeploymentPostprocessing = 0;
		};
/* End PBXFrameworksBuildPhase section */

/* Begin PBXGroup section */
		7A9D50BD25E2B89800F5F0F9 /* Views */ = {
			isa = PBXGroup;
			children = (
				8EC6735125E07FDB003533BE /* AppView.swift */,
				7A15A85625E2179D00EC33D4 /* MapView.swift */,
				7A9D50BB25E2B81F00F5F0F9 /* StationRow.swift */,
			);
			path = Views;
			sourceTree = "<group>";
		};
		8E14D20025E1E99C008B5BB3 /* Services */ = {
			isa = PBXGroup;
			children = (
				8E14D20125E1E9C2008B5BB3 /* WidgetLocationManager.swift */,
			);
			path = Services;
			sourceTree = "<group>";
		};
		8E57DC0425E1A9E70062D83F /* Frameworks */ = {
			isa = PBXGroup;
			children = (
				8E57DC0525E1A9E70062D83F /* WidgetKit.framework */,
				8E57DC0725E1A9E70062D83F /* SwiftUI.framework */,
			);
			name = Frameworks;
			sourceTree = "<group>";
		};
		8E57DC0925E1A9E70062D83F /* BikeshareWidget */ = {
			isa = PBXGroup;
			children = (
				8E57DC0A25E1A9E70062D83F /* BikeshareWidget.swift */,
				8E57DC6925E1C45E0062D83F /* Views */,
				8E14D20025E1E99C008B5BB3 /* Services */,
				8E57DC0E25E1A9EA0062D83F /* Info.plist */,
				8E93663D2736F32D001EA47C /* BikeshareWidgetExtension.entitlements */,
			);
			path = BikeshareWidget;
			sourceTree = "<group>";
		};
		8E57DC6925E1C45E0062D83F /* Views */ = {
			isa = PBXGroup;
			children = (
				8E57DC5A25E1C44F0062D83F /* MapView.swift */,
				8E57DC2C25E1C3C70062D83F /* MapWidgetEntryView.swift */,
				8E57DC2025E1C3270062D83F /* NearbyBikesView.swift */,
			);
			path = Views;
			sourceTree = "<group>";
		};
		8E93663F2737372E001EA47C /* Models */ = {
			isa = PBXGroup;
			children = (
				8E57DC2625E1C3790062D83F /* Station.swift */,
				F7D0C20625E19AA200F15128 /* StationsStore.swift */,
			);
			path = Models;
			sourceTree = "<group>";
		};
		8E9366432737376F001EA47C /* Networking */ = {
			isa = PBXGroup;
			children = (
				F7D0C1FC25E1857700F15128 /* APIService.swift */,
			);
			path = Networking;
			sourceTree = "<group>";
		};
		8E93664827374E41001EA47C /* View Models */ = {
			isa = PBXGroup;
			children = (
				8E93664627374323001EA47C /* LocationsViewModel.swift */,
				8E936649273759E0001EA47C /* StationsViewModel.swift */,
			);
			name = "View Models";
			path = "Views/View Models";
			sourceTree = "<group>";
		};
		8E93664B27376426001EA47C /* Extensions */ = {
			isa = PBXGroup;
			children = (
				8E93664C27376486001EA47C /* MKCoordinateRegion.swift */,
			);
			path = Extensions;
			sourceTree = "<group>";
		};
		8EC6734325E07FDB003533BE = {
			isa = PBXGroup;
			children = (
				8E93663E2736F539001EA47C /* BikeshareWidgetExtension.entitlements */,
				8EC6734E25E07FDB003533BE /* bikeshare-widget */,
				8EC6736025E07FE0003533BE /* bikeshare-widgetTests */,
				8EC6736B25E07FE0003533BE /* bikeshare-widgetUITests */,
				8E57DC0925E1A9E70062D83F /* BikeshareWidget */,
				8E57DC0425E1A9E70062D83F /* Frameworks */,
				8EC6734D25E07FDB003533BE /* Products */,
			);
			sourceTree = "<group>";
		};
		8EC6734D25E07FDB003533BE /* Products */ = {
			isa = PBXGroup;
			children = (
				8EC6734C25E07FDB003533BE /* bikeshare-widget.app */,
				8EC6735D25E07FE0003533BE /* bikeshare-widgetTests.xctest */,
				8EC6736825E07FE0003533BE /* bikeshare-widgetUITests.xctest */,
				8E57DC0325E1A9E70062D83F /* BikeshareWidgetExtension.appex */,
			);
			name = Products;
			sourceTree = "<group>";
		};
		8EC6734E25E07FDB003533BE /* bikeshare-widget */ = {
			isa = PBXGroup;
			children = (
				8EC6734F25E07FDB003533BE /* bikeshare_widgetApp.swift */,
				8EC6735325E07FDF003533BE /* Assets.xcassets */,
				8EC6735825E07FDF003533BE /* Info.plist */,
				8E93663C2736F28A001EA47C /* bikeshare-widget.entitlements */,
				8E93664B27376426001EA47C /* Extensions */,
				8E9366432737376F001EA47C /* Networking */,
				8E93663F2737372E001EA47C /* Models */,
				8E93664827374E41001EA47C /* View Models */,
				7A9D50BD25E2B89800F5F0F9 /* Views */,
				8EC6735525E07FDF003533BE /* Preview Content */,
			);
			path = "bikeshare-widget";
			sourceTree = "<group>";
		};
		8EC6735525E07FDF003533BE /* Preview Content */ = {
			isa = PBXGroup;
			children = (
				8EC6735625E07FDF003533BE /* Preview Assets.xcassets */,
			);
			path = "Preview Content";
			sourceTree = "<group>";
		};
		8EC6736025E07FE0003533BE /* bikeshare-widgetTests */ = {
			isa = PBXGroup;
			children = (
				8EC6736125E07FE0003533BE /* bikeshare_widgetTests.swift */,
				8EC6736325E07FE0003533BE /* Info.plist */,
			);
			path = "bikeshare-widgetTests";
			sourceTree = "<group>";
		};
		8EC6736B25E07FE0003533BE /* bikeshare-widgetUITests */ = {
			isa = PBXGroup;
			children = (
				8EC6736C25E07FE0003533BE /* bikeshare_widgetUITests.swift */,
				8EC6736E25E07FE0003533BE /* Info.plist */,
			);
			path = "bikeshare-widgetUITests";
			sourceTree = "<group>";
		};
/* End PBXGroup section */

/* Begin PBXNativeTarget section */
		8E57DC0225E1A9E70062D83F /* BikeshareWidgetExtension */ = {
			isa = PBXNativeTarget;
			buildConfigurationList = 8E57DC1525E1A9EA0062D83F /* Build configuration list for PBXNativeTarget "BikeshareWidgetExtension" */;
			buildPhases = (
				8E57DBFF25E1A9E70062D83F /* Sources */,
				8E57DC0025E1A9E70062D83F /* Frameworks */,
				8E57DC0125E1A9E70062D83F /* Resources */,
			);
			buildRules = (
			);
			dependencies = (
			);
			name = BikeshareWidgetExtension;
			productName = BikeshareWidgetExtension;
			productReference = 8E57DC0325E1A9E70062D83F /* BikeshareWidgetExtension.appex */;
			productType = "com.apple.product-type.app-extension";
		};
		8EC6734B25E07FDB003533BE /* bikeshare-widget */ = {
			isa = PBXNativeTarget;
			buildConfigurationList = 8EC6737125E07FE0003533BE /* Build configuration list for PBXNativeTarget "bikeshare-widget" */;
			buildPhases = (
				8EC6734825E07FDB003533BE /* Sources */,
				8EC6734925E07FDB003533BE /* Frameworks */,
				8EC6734A25E07FDB003533BE /* Resources */,
				8E57DC1225E1A9EA0062D83F /* Embed App Extensions */,
			);
			buildRules = (
			);
			dependencies = (
				8E57DC1025E1A9EA0062D83F /* PBXTargetDependency */,
			);
			name = "bikeshare-widget";
			packageProductDependencies = (
			);
			productName = "bikeshare-widget";
			productReference = 8EC6734C25E07FDB003533BE /* bikeshare-widget.app */;
			productType = "com.apple.product-type.application";
		};
		8EC6735C25E07FE0003533BE /* bikeshare-widgetTests */ = {
			isa = PBXNativeTarget;
			buildConfigurationList = 8EC6737425E07FE0003533BE /* Build configuration list for PBXNativeTarget "bikeshare-widgetTests" */;
			buildPhases = (
				8EC6735925E07FE0003533BE /* Sources */,
				8EC6735A25E07FE0003533BE /* Frameworks */,
				8EC6735B25E07FE0003533BE /* Resources */,
			);
			buildRules = (
			);
			dependencies = (
				8EC6735F25E07FE0003533BE /* PBXTargetDependency */,
			);
			name = "bikeshare-widgetTests";
			packageProductDependencies = (
			);
			productName = "bikeshare-widgetTests";
			productReference = 8EC6735D25E07FE0003533BE /* bikeshare-widgetTests.xctest */;
			productType = "com.apple.product-type.bundle.unit-test";
		};
		8EC6736725E07FE0003533BE /* bikeshare-widgetUITests */ = {
			isa = PBXNativeTarget;
			buildConfigurationList = 8EC6737725E07FE0003533BE /* Build configuration list for PBXNativeTarget "bikeshare-widgetUITests" */;
			buildPhases = (
				8EC6736425E07FE0003533BE /* Sources */,
				8EC6736525E07FE0003533BE /* Frameworks */,
				8EC6736625E07FE0003533BE /* Resources */,
			);
			buildRules = (
			);
			dependencies = (
				8EC6736A25E07FE0003533BE /* PBXTargetDependency */,
			);
			name = "bikeshare-widgetUITests";
			productName = "bikeshare-widgetUITests";
			productReference = 8EC6736825E07FE0003533BE /* bikeshare-widgetUITests.xctest */;
			productType = "com.apple.product-type.bundle.ui-testing";
		};
/* End PBXNativeTarget section */

/* Begin PBXProject section */
		8EC6734425E07FDB003533BE /* Project object */ = {
			isa = PBXProject;
			attributes = {
				LastSwiftUpdateCheck = 1240;
				LastUpgradeCheck = 1240;
				TargetAttributes = {
					8E57DC0225E1A9E70062D83F = {
						CreatedOnToolsVersion = 12.4;
					};
					8EC6734B25E07FDB003533BE = {
						CreatedOnToolsVersion = 12.4;
					};
					8EC6735C25E07FE0003533BE = {
						CreatedOnToolsVersion = 12.4;
						TestTargetID = 8EC6734B25E07FDB003533BE;
					};
					8EC6736725E07FE0003533BE = {
						CreatedOnToolsVersion = 12.4;
						TestTargetID = 8EC6734B25E07FDB003533BE;
					};
				};
			};
			buildConfigurationList = 8EC6734725E07FDB003533BE /* Build configuration list for PBXProject "bikeshare-widget" */;
			compatibilityVersion = "Xcode 9.3";
			developmentRegion = en;
			hasScannedForEncodings = 0;
			knownRegions = (
				en,
				Base,
			);
			mainGroup = 8EC6734325E07FDB003533BE;
			packageReferences = (
			);
			productRefGroup = 8EC6734D25E07FDB003533BE /* Products */;
			projectDirPath = "";
			projectRoot = "";
			targets = (
				8EC6734B25E07FDB003533BE /* bikeshare-widget */,
				8EC6735C25E07FE0003533BE /* bikeshare-widgetTests */,
				8EC6736725E07FE0003533BE /* bikeshare-widgetUITests */,
				8E57DC0225E1A9E70062D83F /* BikeshareWidgetExtension */,
			);
		};
/* End PBXProject section */

/* Begin PBXResourcesBuildPhase section */
		8E57DC0125E1A9E70062D83F /* Resources */ = {
			isa = PBXResourcesBuildPhase;
			buildActionMask = 2147483647;
			files = (
			);
			runOnlyForDeploymentPostprocessing = 0;
		};
		8EC6734A25E07FDB003533BE /* Resources */ = {
			isa = PBXResourcesBuildPhase;
			buildActionMask = 2147483647;
			files = (
				8EC6735725E07FDF003533BE /* Preview Assets.xcassets in Resources */,
				8EC6735425E07FDF003533BE /* Assets.xcassets in Resources */,
			);
			runOnlyForDeploymentPostprocessing = 0;
		};
		8EC6735B25E07FE0003533BE /* Resources */ = {
			isa = PBXResourcesBuildPhase;
			buildActionMask = 2147483647;
			files = (
			);
			runOnlyForDeploymentPostprocessing = 0;
		};
		8EC6736625E07FE0003533BE /* Resources */ = {
			isa = PBXResourcesBuildPhase;
			buildActionMask = 2147483647;
			files = (
			);
			runOnlyForDeploymentPostprocessing = 0;
		};
/* End PBXResourcesBuildPhase section */

/* Begin PBXSourcesBuildPhase section */
		8E57DBFF25E1A9E70062D83F /* Sources */ = {
			isa = PBXSourcesBuildPhase;
			buildActionMask = 2147483647;
			files = (
				8E93664427373BA3001EA47C /* BikeshareWidget.swift in Sources */,
			);
			runOnlyForDeploymentPostprocessing = 0;
		};
		8EC6734825E07FDB003533BE /* Sources */ = {
			isa = PBXSourcesBuildPhase;
			buildActionMask = 2147483647;
			files = (
				7A15A85725E2179D00EC33D4 /* MapView.swift in Sources */,
				8EC6735225E07FDB003533BE /* AppView.swift in Sources */,
				8EC6735025E07FDB003533BE /* bikeshare_widgetApp.swift in Sources */,
				8E93664A273759E0001EA47C /* StationsViewModel.swift in Sources */,
				7A9D50BC25E2B81F00F5F0F9 /* StationRow.swift in Sources */,
				8E9366402737373D001EA47C /* Station.swift in Sources */,
				8E93664127373752001EA47C /* StationsStore.swift in Sources */,
				8E93664227373760001EA47C /* APIService.swift in Sources */,
				8E93664D27376486001EA47C /* MKCoordinateRegion.swift in Sources */,
				8E93664727374323001EA47C /* LocationsViewModel.swift in Sources */,
			);
			runOnlyForDeploymentPostprocessing = 0;
		};
		8EC6735925E07FE0003533BE /* Sources */ = {
			isa = PBXSourcesBuildPhase;
			buildActionMask = 2147483647;
			files = (
				8EC6736225E07FE0003533BE /* bikeshare_widgetTests.swift in Sources */,
			);
			runOnlyForDeploymentPostprocessing = 0;
		};
		8EC6736425E07FE0003533BE /* Sources */ = {
			isa = PBXSourcesBuildPhase;
			buildActionMask = 2147483647;
			files = (
				8EC6736D25E07FE0003533BE /* bikeshare_widgetUITests.swift in Sources */,
			);
			runOnlyForDeploymentPostprocessing = 0;
		};
/* End PBXSourcesBuildPhase section */

/* Begin PBXTargetDependency section */
		8E57DC1025E1A9EA0062D83F /* PBXTargetDependency */ = {
			isa = PBXTargetDependency;
			target = 8E57DC0225E1A9E70062D83F /* BikeshareWidgetExtension */;
			targetProxy = 8E57DC0F25E1A9EA0062D83F /* PBXContainerItemProxy */;
		};
		8EC6735F25E07FE0003533BE /* PBXTargetDependency */ = {
			isa = PBXTargetDependency;
			target = 8EC6734B25E07FDB003533BE /* bikeshare-widget */;
			targetProxy = 8EC6735E25E07FE0003533BE /* PBXContainerItemProxy */;
		};
		8EC6736A25E07FE0003533BE /* PBXTargetDependency */ = {
			isa = PBXTargetDependency;
			target = 8EC6734B25E07FDB003533BE /* bikeshare-widget */;
			targetProxy = 8EC6736925E07FE0003533BE /* PBXContainerItemProxy */;
		};
/* End PBXTargetDependency section */

/* Begin XCBuildConfiguration section */
		8E57DC1325E1A9EA0062D83F /* Debug */ = {
			isa = XCBuildConfiguration;
			buildSettings = {
				ASSETCATALOG_COMPILER_GLOBAL_ACCENT_COLOR_NAME = AccentColor;
				ASSETCATALOG_COMPILER_WIDGET_BACKGROUND_COLOR_NAME = WidgetBackground;
				CODE_SIGN_ENTITLEMENTS = BikeshareWidgetExtension.entitlements;
				CODE_SIGN_STYLE = Automatic;
				DEVELOPMENT_TEAM = 224WGVVZC5;
				INFOPLIST_FILE = BikeshareWidget/Info.plist;
				LD_RUNPATH_SEARCH_PATHS = (
					"$(inherited)",
					"@executable_path/Frameworks",
					"@executable_path/../../Frameworks",
				);
				PRODUCT_BUNDLE_IDENTIFIER = "hobby.mubarak.bikeshare-widget.BikeshareWidget";
				PRODUCT_NAME = "$(TARGET_NAME)";
				SKIP_INSTALL = YES;
				SWIFT_VERSION = 5.0;
				TARGETED_DEVICE_FAMILY = "1,2";
			};
			name = Debug;
		};
		8E57DC1425E1A9EA0062D83F /* Release */ = {
			isa = XCBuildConfiguration;
			buildSettings = {
				ASSETCATALOG_COMPILER_GLOBAL_ACCENT_COLOR_NAME = AccentColor;
				ASSETCATALOG_COMPILER_WIDGET_BACKGROUND_COLOR_NAME = WidgetBackground;
				CODE_SIGN_ENTITLEMENTS = BikeshareWidgetExtension.entitlements;
				CODE_SIGN_STYLE = Automatic;
				DEVELOPMENT_TEAM = 224WGVVZC5;
				INFOPLIST_FILE = BikeshareWidget/Info.plist;
				LD_RUNPATH_SEARCH_PATHS = (
					"$(inherited)",
					"@executable_path/Frameworks",
					"@executable_path/../../Frameworks",
				);
				PRODUCT_BUNDLE_IDENTIFIER = "hobby.mubarak.bikeshare-widget.BikeshareWidget";
				PRODUCT_NAME = "$(TARGET_NAME)";
				SKIP_INSTALL = YES;
				SWIFT_VERSION = 5.0;
				TARGETED_DEVICE_FAMILY = "1,2";
			};
			name = Release;
		};
		8EC6736F25E07FE0003533BE /* Debug */ = {
			isa = XCBuildConfiguration;
			buildSettings = {
				ALWAYS_SEARCH_USER_PATHS = NO;
				CLANG_ANALYZER_NONNULL = YES;
				CLANG_ANALYZER_NUMBER_OBJECT_CONVERSION = YES_AGGRESSIVE;
				CLANG_CXX_LANGUAGE_STANDARD = "gnu++14";
				CLANG_CXX_LIBRARY = "libc++";
				CLANG_ENABLE_MODULES = YES;
				CLANG_ENABLE_OBJC_ARC = YES;
				CLANG_ENABLE_OBJC_WEAK = YES;
				CLANG_WARN_BLOCK_CAPTURE_AUTORELEASING = YES;
				CLANG_WARN_BOOL_CONVERSION = YES;
				CLANG_WARN_COMMA = YES;
				CLANG_WARN_CONSTANT_CONVERSION = YES;
				CLANG_WARN_DEPRECATED_OBJC_IMPLEMENTATIONS = YES;
				CLANG_WARN_DIRECT_OBJC_ISA_USAGE = YES_ERROR;
				CLANG_WARN_DOCUMENTATION_COMMENTS = YES;
				CLANG_WARN_EMPTY_BODY = YES;
				CLANG_WARN_ENUM_CONVERSION = YES;
				CLANG_WARN_INFINITE_RECURSION = YES;
				CLANG_WARN_INT_CONVERSION = YES;
				CLANG_WARN_NON_LITERAL_NULL_CONVERSION = YES;
				CLANG_WARN_OBJC_IMPLICIT_RETAIN_SELF = YES;
				CLANG_WARN_OBJC_LITERAL_CONVERSION = YES;
				CLANG_WARN_OBJC_ROOT_CLASS = YES_ERROR;
				CLANG_WARN_QUOTED_INCLUDE_IN_FRAMEWORK_HEADER = YES;
				CLANG_WARN_RANGE_LOOP_ANALYSIS = YES;
				CLANG_WARN_STRICT_PROTOTYPES = YES;
				CLANG_WARN_SUSPICIOUS_MOVE = YES;
				CLANG_WARN_UNGUARDED_AVAILABILITY = YES_AGGRESSIVE;
				CLANG_WARN_UNREACHABLE_CODE = YES;
				CLANG_WARN__DUPLICATE_METHOD_MATCH = YES;
				COPY_PHASE_STRIP = NO;
				DEBUG_INFORMATION_FORMAT = dwarf;
				ENABLE_STRICT_OBJC_MSGSEND = YES;
				ENABLE_TESTABILITY = YES;
				GCC_C_LANGUAGE_STANDARD = gnu11;
				GCC_DYNAMIC_NO_PIC = NO;
				GCC_NO_COMMON_BLOCKS = YES;
				GCC_OPTIMIZATION_LEVEL = 0;
				GCC_PREPROCESSOR_DEFINITIONS = (
					"DEBUG=1",
					"$(inherited)",
				);
				GCC_WARN_64_TO_32_BIT_CONVERSION = YES;
				GCC_WARN_ABOUT_RETURN_TYPE = YES_ERROR;
				GCC_WARN_UNDECLARED_SELECTOR = YES;
				GCC_WARN_UNINITIALIZED_AUTOS = YES_AGGRESSIVE;
				GCC_WARN_UNUSED_FUNCTION = YES;
				GCC_WARN_UNUSED_VARIABLE = YES;
				IPHONEOS_DEPLOYMENT_TARGET = 14.4;
				MTL_ENABLE_DEBUG_INFO = INCLUDE_SOURCE;
				MTL_FAST_MATH = YES;
				ONLY_ACTIVE_ARCH = YES;
				SDKROOT = iphoneos;
				SWIFT_ACTIVE_COMPILATION_CONDITIONS = DEBUG;
				SWIFT_OPTIMIZATION_LEVEL = "-Onone";
			};
			name = Debug;
		};
		8EC6737025E07FE0003533BE /* Release */ = {
			isa = XCBuildConfiguration;
			buildSettings = {
				ALWAYS_SEARCH_USER_PATHS = NO;
				CLANG_ANALYZER_NONNULL = YES;
				CLANG_ANALYZER_NUMBER_OBJECT_CONVERSION = YES_AGGRESSIVE;
				CLANG_CXX_LANGUAGE_STANDARD = "gnu++14";
				CLANG_CXX_LIBRARY = "libc++";
				CLANG_ENABLE_MODULES = YES;
				CLANG_ENABLE_OBJC_ARC = YES;
				CLANG_ENABLE_OBJC_WEAK = YES;
				CLANG_WARN_BLOCK_CAPTURE_AUTORELEASING = YES;
				CLANG_WARN_BOOL_CONVERSION = YES;
				CLANG_WARN_COMMA = YES;
				CLANG_WARN_CONSTANT_CONVERSION = YES;
				CLANG_WARN_DEPRECATED_OBJC_IMPLEMENTATIONS = YES;
				CLANG_WARN_DIRECT_OBJC_ISA_USAGE = YES_ERROR;
				CLANG_WARN_DOCUMENTATION_COMMENTS = YES;
				CLANG_WARN_EMPTY_BODY = YES;
				CLANG_WARN_ENUM_CONVERSION = YES;
				CLANG_WARN_INFINITE_RECURSION = YES;
				CLANG_WARN_INT_CONVERSION = YES;
				CLANG_WARN_NON_LITERAL_NULL_CONVERSION = YES;
				CLANG_WARN_OBJC_IMPLICIT_RETAIN_SELF = YES;
				CLANG_WARN_OBJC_LITERAL_CONVERSION = YES;
				CLANG_WARN_OBJC_ROOT_CLASS = YES_ERROR;
				CLANG_WARN_QUOTED_INCLUDE_IN_FRAMEWORK_HEADER = YES;
				CLANG_WARN_RANGE_LOOP_ANALYSIS = YES;
				CLANG_WARN_STRICT_PROTOTYPES = YES;
				CLANG_WARN_SUSPICIOUS_MOVE = YES;
				CLANG_WARN_UNGUARDED_AVAILABILITY = YES_AGGRESSIVE;
				CLANG_WARN_UNREACHABLE_CODE = YES;
				CLANG_WARN__DUPLICATE_METHOD_MATCH = YES;
				COPY_PHASE_STRIP = NO;
				DEBUG_INFORMATION_FORMAT = "dwarf-with-dsym";
				ENABLE_NS_ASSERTIONS = NO;
				ENABLE_STRICT_OBJC_MSGSEND = YES;
				GCC_C_LANGUAGE_STANDARD = gnu11;
				GCC_NO_COMMON_BLOCKS = YES;
				GCC_WARN_64_TO_32_BIT_CONVERSION = YES;
				GCC_WARN_ABOUT_RETURN_TYPE = YES_ERROR;
				GCC_WARN_UNDECLARED_SELECTOR = YES;
				GCC_WARN_UNINITIALIZED_AUTOS = YES_AGGRESSIVE;
				GCC_WARN_UNUSED_FUNCTION = YES;
				GCC_WARN_UNUSED_VARIABLE = YES;
				IPHONEOS_DEPLOYMENT_TARGET = 14.4;
				MTL_ENABLE_DEBUG_INFO = NO;
				MTL_FAST_MATH = YES;
				SDKROOT = iphoneos;
				SWIFT_COMPILATION_MODE = wholemodule;
				SWIFT_OPTIMIZATION_LEVEL = "-O";
				VALIDATE_PRODUCT = YES;
			};
			name = Release;
		};
		8EC6737225E07FE0003533BE /* Debug */ = {
			isa = XCBuildConfiguration;
			buildSettings = {
				ALWAYS_EMBED_SWIFT_STANDARD_LIBRARIES = YES;
				ASSETCATALOG_COMPILER_APPICON_NAME = AppIcon;
				ASSETCATALOG_COMPILER_GLOBAL_ACCENT_COLOR_NAME = AccentColor;
				CODE_SIGN_ENTITLEMENTS = "bikeshare-widget/bikeshare-widget.entitlements";
				CODE_SIGN_STYLE = Automatic;
				DEVELOPMENT_ASSET_PATHS = "\"bikeshare-widget/Preview Content\"";
				DEVELOPMENT_TEAM = 224WGVVZC5;
				ENABLE_PREVIEWS = YES;
				INFOPLIST_FILE = "bikeshare-widget/Info.plist";
				IPHONEOS_DEPLOYMENT_TARGET = 14.0;
				LD_RUNPATH_SEARCH_PATHS = (
					"$(inherited)",
					"@executable_path/Frameworks",
				);
				PRODUCT_BUNDLE_IDENTIFIER = "hobby.mubarak.bikeshare-widget";
				PRODUCT_NAME = "$(TARGET_NAME)";
				SWIFT_VERSION = 5.0;
				TARGETED_DEVICE_FAMILY = "1,2";
			};
			name = Debug;
		};
		8EC6737325E07FE0003533BE /* Release */ = {
			isa = XCBuildConfiguration;
			buildSettings = {
				ALWAYS_EMBED_SWIFT_STANDARD_LIBRARIES = YES;
				ASSETCATALOG_COMPILER_APPICON_NAME = AppIcon;
				ASSETCATALOG_COMPILER_GLOBAL_ACCENT_COLOR_NAME = AccentColor;
				CODE_SIGN_ENTITLEMENTS = "bikeshare-widget/bikeshare-widget.entitlements";
				CODE_SIGN_STYLE = Automatic;
				DEVELOPMENT_ASSET_PATHS = "\"bikeshare-widget/Preview Content\"";
				DEVELOPMENT_TEAM = 224WGVVZC5;
				ENABLE_PREVIEWS = YES;
				INFOPLIST_FILE = "bikeshare-widget/Info.plist";
				IPHONEOS_DEPLOYMENT_TARGET = 14.0;
				LD_RUNPATH_SEARCH_PATHS = (
					"$(inherited)",
					"@executable_path/Frameworks",
				);
				PRODUCT_BUNDLE_IDENTIFIER = "hobby.mubarak.bikeshare-widget";
				PRODUCT_NAME = "$(TARGET_NAME)";
				SWIFT_VERSION = 5.0;
				TARGETED_DEVICE_FAMILY = "1,2";
			};
			name = Release;
		};
		8EC6737525E07FE0003533BE /* Debug */ = {
			isa = XCBuildConfiguration;
			buildSettings = {
				ALWAYS_EMBED_SWIFT_STANDARD_LIBRARIES = YES;
				BUNDLE_LOADER = "$(TEST_HOST)";
				CODE_SIGN_STYLE = Automatic;
				DEVELOPMENT_TEAM = 224WGVVZC5;
				INFOPLIST_FILE = "bikeshare-widgetTests/Info.plist";
				IPHONEOS_DEPLOYMENT_TARGET = 14.0;
				LD_RUNPATH_SEARCH_PATHS = (
					"$(inherited)",
					"@executable_path/Frameworks",
					"@loader_path/Frameworks",
				);
				PRODUCT_BUNDLE_IDENTIFIER = "hobby.mubarak.bikeshare-widgetTests";
				PRODUCT_NAME = "$(TARGET_NAME)";
				SWIFT_VERSION = 5.0;
				TARGETED_DEVICE_FAMILY = "1,2";
				TEST_HOST = "$(BUILT_PRODUCTS_DIR)/bikeshare-widget.app/bikeshare-widget";
			};
			name = Debug;
		};
		8EC6737625E07FE0003533BE /* Release */ = {
			isa = XCBuildConfiguration;
			buildSettings = {
				ALWAYS_EMBED_SWIFT_STANDARD_LIBRARIES = YES;
				BUNDLE_LOADER = "$(TEST_HOST)";
				CODE_SIGN_STYLE = Automatic;
				DEVELOPMENT_TEAM = 224WGVVZC5;
				INFOPLIST_FILE = "bikeshare-widgetTests/Info.plist";
				IPHONEOS_DEPLOYMENT_TARGET = 14.0;
				LD_RUNPATH_SEARCH_PATHS = (
					"$(inherited)",
					"@executable_path/Frameworks",
					"@loader_path/Frameworks",
				);
				PRODUCT_BUNDLE_IDENTIFIER = "hobby.mubarak.bikeshare-widgetTests";
				PRODUCT_NAME = "$(TARGET_NAME)";
				SWIFT_VERSION = 5.0;
				TARGETED_DEVICE_FAMILY = "1,2";
				TEST_HOST = "$(BUILT_PRODUCTS_DIR)/bikeshare-widget.app/bikeshare-widget";
			};
			name = Release;
		};
		8EC6737825E07FE0003533BE /* Debug */ = {
			isa = XCBuildConfiguration;
			buildSettings = {
				ALWAYS_EMBED_SWIFT_STANDARD_LIBRARIES = YES;
				CODE_SIGN_STYLE = Automatic;
				DEVELOPMENT_TEAM = 224WGVVZC5;
				INFOPLIST_FILE = "bikeshare-widgetUITests/Info.plist";
				LD_RUNPATH_SEARCH_PATHS = (
					"$(inherited)",
					"@executable_path/Frameworks",
					"@loader_path/Frameworks",
				);
				PRODUCT_BUNDLE_IDENTIFIER = "hobby.mubarak.bikeshare-widgetUITests";
				PRODUCT_NAME = "$(TARGET_NAME)";
				SWIFT_VERSION = 5.0;
				TARGETED_DEVICE_FAMILY = "1,2";
				TEST_TARGET_NAME = "bikeshare-widget";
			};
			name = Debug;
		};
		8EC6737925E07FE0003533BE /* Release */ = {
			isa = XCBuildConfiguration;
			buildSettings = {
				ALWAYS_EMBED_SWIFT_STANDARD_LIBRARIES = YES;
				CODE_SIGN_STYLE = Automatic;
				DEVELOPMENT_TEAM = 224WGVVZC5;
				INFOPLIST_FILE = "bikeshare-widgetUITests/Info.plist";
				LD_RUNPATH_SEARCH_PATHS = (
					"$(inherited)",
					"@executable_path/Frameworks",
					"@loader_path/Frameworks",
				);
				PRODUCT_BUNDLE_IDENTIFIER = "hobby.mubarak.bikeshare-widgetUITests";
				PRODUCT_NAME = "$(TARGET_NAME)";
				SWIFT_VERSION = 5.0;
				TARGETED_DEVICE_FAMILY = "1,2";
				TEST_TARGET_NAME = "bikeshare-widget";
			};
			name = Release;
		};
/* End XCBuildConfiguration section */

/* Begin XCConfigurationList section */
		8E57DC1525E1A9EA0062D83F /* Build configuration list for PBXNativeTarget "BikeshareWidgetExtension" */ = {
			isa = XCConfigurationList;
			buildConfigurations = (
				8E57DC1325E1A9EA0062D83F /* Debug */,
				8E57DC1425E1A9EA0062D83F /* Release */,
			);
			defaultConfigurationIsVisible = 0;
			defaultConfigurationName = Release;
		};
		8EC6734725E07FDB003533BE /* Build configuration list for PBXProject "bikeshare-widget" */ = {
			isa = XCConfigurationList;
			buildConfigurations = (
				8EC6736F25E07FE0003533BE /* Debug */,
				8EC6737025E07FE0003533BE /* Release */,
			);
			defaultConfigurationIsVisible = 0;
			defaultConfigurationName = Release;
		};
		8EC6737125E07FE0003533BE /* Build configuration list for PBXNativeTarget "bikeshare-widget" */ = {
			isa = XCConfigurationList;
			buildConfigurations = (
				8EC6737225E07FE0003533BE /* Debug */,
				8EC6737325E07FE0003533BE /* Release */,
			);
			defaultConfigurationIsVisible = 0;
			defaultConfigurationName = Release;
		};
		8EC6737425E07FE0003533BE /* Build configuration list for PBXNativeTarget "bikeshare-widgetTests" */ = {
			isa = XCConfigurationList;
			buildConfigurations = (
				8EC6737525E07FE0003533BE /* Debug */,
				8EC6737625E07FE0003533BE /* Release */,
			);
			defaultConfigurationIsVisible = 0;
			defaultConfigurationName = Release;
		};
		8EC6737725E07FE0003533BE /* Build configuration list for PBXNativeTarget "bikeshare-widgetUITests" */ = {
			isa = XCConfigurationList;
			buildConfigurations = (
				8EC6737825E07FE0003533BE /* Debug */,
				8EC6737925E07FE0003533BE /* Release */,
			);
			defaultConfigurationIsVisible = 0;
			defaultConfigurationName = Release;
		};
/* End XCConfigurationList section */
	};
	rootObject = 8EC6734425E07FDB003533BE /* Project object */;
}
